PODS:
  - AliyunPlayer_iOS/AliyunPlayerSDK (3.4.8)
  - AliyunPlayer_iOS/AliyunVodPlayerSDK (3.4.8):
    - AliyunPlayer_iOS/AliyunPlayerSDK
  - DNCommonKit (9.9.1):
    - DNCommonKit/DNBaseMacro (= 9.9.1)
    - DNCommonKit/DNCustomView (= 9.9.1)
    - DNCommonKit/DNHandyCategory (= 9.9.1)
    - DNCommonKit/DNLayout (= 9.9.1)
    - DNCommonKit/DNTools (= 9.9.1)
  - DNCommonKit/DNBaseMacro (9.9.1)
  - DNCommonKit/DNCustomView (9.9.1):
    - DNCommonKit/DNHandyCategory
  - DNCommonKit/DNHandyCategory (9.9.1):
    - DNCommonKit/DNLayout
    - SDWebImage
  - DNCommonKit/DNLayout (9.9.1)
  - DNCommonKit/DNTools (9.9.1):
    - YYText
  - DNVideoPlayer (0.1.9):
    - AliyunPlayer_iOS/AliyunVodPlayerSDK
    - DNCommonKit
    - Masonry
  - Masonry (1.1.0)
  - SDWebImage (5.0.6):
    - SDWebImage/Core (= 5.0.6)
  - SDWebImage/Core (5.0.6)
  - YYText (1.0.7)

DEPENDENCIES:
  - AliyunPlayer_iOS/AliyunVodPlayerSDK
  - DNCommonKit
  - DNVideoPlayer (from `../`)
  - Masonry

SPEC REPOS:
  https://github.com/CocoaPods/Specs.git:
    - AliyunPlayer_iOS
    - Masonry
    - SDWebImage
    - YYText
  https://github.com/DoNewsCode/DNSpecs.git:
    - DNCommonKit

EXTERNAL SOURCES:
  DNVideoPlayer:
    :path: "../"

SPEC CHECKSUMS:
  AliyunPlayer_iOS: de42fbf5848352ce0697ffd22fc8e3236f955093
  DNCommonKit: 2d6a33ccee9585e0b9b2b0b061fd762a513ecb65
  DNVideoPlayer: 2f1601a3d045bcb70d830cef21ee89c0041e0118
  Masonry: 678fab65091a9290e40e2832a55e7ab731aad201
  SDWebImage: 920f1a2ff1ca8296ad34f6e0510a1ef1d70ac965
  YYText: 5c461d709e24d55a182d1441c41dc639a18a4849

PODFILE CHECKSUM: 2506a5b1f8de7de05100d77e6c7e7af5d11f3775

COCOAPODS: 1.8.0.beta.1
